
Microsoft Visual Studio Solution File, Format Version 12.00
# Visual Studio Version 16
VisualStudioVersion = 16.0.31112.23
MinimumVisualStudioVersion = 10.0.40219.1
Project("{FAE04EC0-301F-11D3-BF4B-00C04F79EFBC}") = "SpotifySongAvailabilityChecker-Console", "SpotifySongAvailabilityChecker-Console\SpotifySongAvailabilityChecker-Console.csproj", "{FFC0A027-6816-4180-8F4C-5B3BF48C0BC8}"
EndProject
Global
	GlobalSection(SolutionConfigurationPlatforms) = preSolution
		Debug|Any CPU = Debug|Any CPU
		Release|Any CPU = Release|Any CPU
	EndGlobalSection
	GlobalSection(ProjectConfigurationPlatforms) = postSolution
		{FFC0A027-6816-4180-8F4C-5B3BF48C0BC8}.Debug|Any CPU.ActiveCfg = Debug|Any CPU
		{FFC0A027-6816-4180-8F4C-5B3BF48C0BC8}.Debug|Any CPU.Build.0 = Debug|Any CPU
		{FFC0A027-6816-4180-8F4C-5B3BF48C0BC8}.Release|Any CPU.ActiveCfg = Release|Any CPU
		{FFC0A027-6816-4180-8F4C-5B3BF48C0BC8}.Release|Any CPU.Build.0 = Release|Any CPU
	EndGlobalSection
	GlobalSection(SolutionProperties) = preSolution
		HideSolutionNode = FALSE
	EndGlobalSection
	GlobalSection(ExtensibilityGlobals) = postSolution
		SolutionGuid = {DC313CFD-9914-425A-97E7-038142645EE5}
	EndGlobalSection
EndGlobal
